{
  "name": "egret-webpack-tools",
  "version": "1.0.0",
  "lockfileVersion": 1,
  "requires": true,
  "dependencies": {
    "@types/anymatch": {
      "version": "1.3.1",
      "resolved": "https://repos.saybot.net/repository/alo7npm/@types/anymatch/-/anymatch-1.3.1.tgz",
      "integrity": "sha1-M2utwb7sudrMOL6izzKt9ieoQho=",
      "dev": true
    },
    "@types/find": {
      "version": "0.2.1",
      "resolved": "https://repos.saybot.net/repository/alo7npm/@types/find/-/find-0.2.1.tgz",
      "integrity": "sha1-6NDXqVK+LZB2jW+N1/LmYwuyYPg=",
      "dev": true
    },
    "@types/fs-extra": {
      "version": "9.0.4",
      "resolved": "https://repos.saybot.net/repository/alo7npm/@types/fs-extra/-/fs-extra-9.0.4.tgz",
      "integrity": "sha1-ElUxOM8EONuaMc3IsKOqkzLrZ6o=",
      "dev": true,
      "requires": {
        "@types/node": "*"
      }
    },
    "@types/node": {
      "version": "14.14.10",
      "resolved": "https://repos.saybot.net/repository/alo7npm/@types/node/-/node-14.14.10.tgz",
      "integrity": "sha1-WVioLkGGPPxx8jB7N0jjSRugN4U=",
      "dev": true
    },
    "@types/source-list-map": {
      "version": "0.1.2",
      "resolved": "https://repos.saybot.net/repository/alo7npm/@types/source-list-map/-/source-list-map-0.1.2.tgz",
      "integrity": "sha1-AHiDYGP/rxdBI0m7o2QIfgrALsk=",
      "dev": true
    },
    "@types/tapable": {
      "version": "1.0.6",
      "resolved": "https://repos.saybot.net/repository/alo7npm/@types/tapable/-/tapable-1.0.6.tgz",
      "integrity": "sha1-qcpLcKGLJwzLK8Cqr+/R1Ia36nQ=",
      "dev": true
    },
    "@types/uglify-js": {
      "version": "3.11.1",
      "resolved": "https://repos.saybot.net/repository/alo7npm/@types/uglify-js/-/uglify-js-3.11.1.tgz",
      "integrity": "sha1-l/8w5hoKpodsJwtfU4c34tarjOs=",
      "dev": true,
      "requires": {
        "source-map": "^0.6.1"
      }
    },
    "@types/webpack": {
      "version": "4.41.25",
      "resolved": "https://repos.saybot.net/repository/alo7npm/@types/webpack/-/webpack-4.41.25.tgz",
      "integrity": "sha1-TTta7MTkQRezdigPv9LcNml5aMQ=",
      "dev": true,
      "requires": {
        "@types/anymatch": "*",
        "@types/node": "*",
        "@types/tapable": "*",
        "@types/uglify-js": "*",
        "@types/webpack-sources": "*",
        "source-map": "^0.6.0"
      }
    },
    "@types/webpack-sources": {
      "version": "2.1.0",
      "resolved": "https://repos.saybot.net/repository/alo7npm/@types/webpack-sources/-/webpack-sources-2.1.0.tgz",
      "integrity": "sha1-iIKwvWLR4M5i8YPQ0Bty5ugujBA=",
      "dev": true,
      "requires": {
        "@types/node": "*",
        "@types/source-list-map": "*",
        "source-map": "^0.7.3"
      },
      "dependencies": {
        "source-map": {
          "version": "0.7.3",
          "resolved": "https://repos.saybot.net/repository/alo7npm/source-map/-/source-map-0.7.3.tgz",
          "integrity": "sha1-UwL4FpAxc1ImVECS5kmB91F1A4M=",
          "dev": true
        }
      }
    },
    "at-least-node": {
      "version": "1.0.0",
      "resolved": "https://repos.saybot.net/repository/alo7npm/at-least-node/-/at-least-node-1.0.0.tgz",
      "integrity": "sha1-YCzUtG6EStTv/JKoARo8RuAjjcI=",
      "dev": true
    },
    "balanced-match": {
      "version": "1.0.0",
      "resolved": "https://repos.saybot.net/repository/alo7npm/balanced-match/-/balanced-match-1.0.0.tgz",
      "integrity": "sha1-ibTRmasr7kneFk6gK4nORi1xt2c=",
      "dev": true
    },
    "brace-expansion": {
      "version": "1.1.11",
      "resolved": "https://repos.saybot.net/repository/alo7npm/brace-expansion/-/brace-expansion-1.1.11.tgz",
      "integrity": "sha1-PH/L9SnYcibz0vUrlm/1Jx60Qd0=",
      "dev": true,
      "requires": {
        "balanced-match": "^1.0.0",
        "concat-map": "0.0.1"
      }
    },
    "buffer-from": {
      "version": "1.1.1",
      "resolved": "https://repos.saybot.net/repository/alo7npm/buffer-from/-/buffer-from-1.1.1.tgz",
      "integrity": "sha1-MnE7wCj3XAL9txDXx7zsHyxgcO8=",
      "dev": true
    },
    "concat-map": {
      "version": "0.0.1",
      "resolved": "https://repos.saybot.net/repository/alo7npm/concat-map/-/concat-map-0.0.1.tgz",
      "integrity": "sha1-2Klr13/Wjfd5OnMDajug1UBdR3s=",
      "dev": true
    },
    "concat-with-sourcemaps": {
      "version": "1.1.0",
      "resolved": "https://repos.saybot.net/repository/alo7npm/concat-with-sourcemaps/-/concat-with-sourcemaps-1.1.0.tgz",
      "integrity": "sha1-1OqT8FriV5CVG5nns7CeOQikCC4=",
      "dev": true,
      "requires": {
        "source-map": "^0.6.1"
      },
      "dependencies": {
        "source-map": {
          "version": "0.6.1",
          "resolved": "https://repos.saybot.net/repository/alo7npm/source-map/-/source-map-0.6.1.tgz",
          "integrity": "sha1-dHIq8y6WFOnCh6jQu95IteLxomM=",
          "dev": true
        }
      }
    },
    "find": {
      "version": "0.3.0",
      "resolved": "https://repos.saybot.net/repository/alo7npm/find/-/find-0.3.0.tgz",
      "integrity": "sha1-QILo/I2DIPGjgrXk9SG5vFB3XLg=",
      "dev": true,
      "requires": {
        "traverse-chain": "~0.1.0"
      }
    },
    "fs-extra": {
      "version": "9.0.1",
      "resolved": "https://repos.saybot.net/repository/alo7npm/fs-extra/-/fs-extra-9.0.1.tgz",
      "integrity": "sha1-kQ2gBiQ3ukw5/t2GPxZ1zP78ufw=",
      "dev": true,
      "requires": {
        "at-least-node": "^1.0.0",
        "graceful-fs": "^4.2.0",
        "jsonfile": "^6.0.1",
        "universalify": "^1.0.0"
      }
    },
    "fs.realpath": {
      "version": "1.0.0",
      "resolved": "https://repos.saybot.net/repository/alo7npm/fs.realpath/-/fs.realpath-1.0.0.tgz",
      "integrity": "sha1-FQStJSMVjKpA20onh8sBQRmU6k8=",
      "dev": true
    },
    "glob": {
      "version": "7.1.6",
      "resolved": "https://repos.saybot.net/repository/alo7npm/glob/-/glob-7.1.6.tgz",
      "integrity": "sha1-FB8zuBp8JJLhJVlDB0gMRmeSeKY=",
      "dev": true,
      "requires": {
        "fs.realpath": "^1.0.0",
        "inflight": "^1.0.4",
        "inherits": "2",
        "minimatch": "^3.0.4",
        "once": "^1.3.0",
        "path-is-absolute": "^1.0.0"
      }
    },
    "graceful-fs": {
      "version": "4.2.4",
      "resolved": "https://repos.saybot.net/repository/alo7npm/graceful-fs/-/graceful-fs-4.2.4.tgz",
      "integrity": "sha1-Ila94U02MpWMRl68ltxGfKB6Kfs=",
      "dev": true
    },
    "inflight": {
      "version": "1.0.6",
      "resolved": "https://repos.saybot.net/repository/alo7npm/inflight/-/inflight-1.0.6.tgz",
      "integrity": "sha1-Sb1jMdfQLQwJvJEKEHW6gWW1bfk=",
      "dev": true,
      "requires": {
        "once": "^1.3.0",
        "wrappy": "1"
      }
    },
    "inherits": {
      "version": "2.0.4",
      "resolved": "https://repos.saybot.net/repository/alo7npm/inherits/-/inherits-2.0.4.tgz",
      "integrity": "sha1-D6LGT5MpF8NDOg3tVTY6rjdBa3w=",
      "dev": true
    },
    "jsonfile": {
      "version": "6.1.0",
      "resolved": "https://repos.saybot.net/repository/alo7npm/jsonfile/-/jsonfile-6.1.0.tgz",
      "integrity": "sha1-vFWyY0eTxnnsZAMJTrE2mKbsCq4=",
      "dev": true,
      "requires": {
        "graceful-fs": "^4.1.6",
        "universalify": "^2.0.0"
      },
      "dependencies": {
        "universalify": {
          "version": "2.0.0",
          "resolved": "https://repos.saybot.net/repository/alo7npm/universalify/-/universalify-2.0.0.tgz",
          "integrity": "sha1-daSYTv7cSwiXXFrrc/Uw0C3yVxc=",
          "dev": true
        }
      }
    },
    "minimatch": {
      "version": "3.0.4",
      "resolved": "https://repos.saybot.net/repository/alo7npm/minimatch/-/minimatch-3.0.4.tgz",
      "integrity": "sha1-UWbihkV/AzBgZL5Ul+jbsMPTIIM=",
      "dev": true,
      "requires": {
        "brace-expansion": "^1.1.7"
      }
    },
    "once": {
      "version": "1.4.0",
      "resolved": "https://repos.saybot.net/repository/alo7npm/once/-/once-1.4.0.tgz",
      "integrity": "sha1-WDsap3WWHUsROsF9nFC6753Xa9E=",
      "dev": true,
      "requires": {
        "wrappy": "1"
      }
    },
    "path-is-absolute": {
      "version": "1.0.1",
      "resolved": "https://repos.saybot.net/repository/alo7npm/path-is-absolute/-/path-is-absolute-1.0.1.tgz",
      "integrity": "sha1-F0uSaHNVNP+8es5r9TpanhtcX18=",
      "dev": true
    },
    "rimraf": {
      "version": "3.0.2",
      "resolved": "https://repos.saybot.net/repository/alo7npm/rimraf/-/rimraf-3.0.2.tgz",
      "integrity": "sha1-8aVAK6YiCtUswSgrrBrjqkn9Bho=",
      "dev": true,
      "requires": {
        "glob": "^7.1.3"
      }
    },
    "safe-require": {
      "version": "1.0.4",
      "resolved": "https://repos.saybot.net/repository/alo7npm/safe-require/-/safe-require-1.0.4.tgz",
      "integrity": "sha1-xy4fsoIOMQgOXyb93iUqHL/+CK0=",
      "dev": true
    },
    "source-map": {
      "version": "0.6.1",
      "resolved": "https://repos.saybot.net/repository/alo7npm/source-map/-/source-map-0.6.1.tgz",
      "integrity": "sha1-dHIq8y6WFOnCh6jQu95IteLxomM=",
      "dev": true
    },
    "source-map-support": {
      "version": "0.5.19",
      "resolved": "https://repos.saybot.net/repository/alo7npm/source-map-support/-/source-map-support-0.5.19.tgz",
      "integrity": "sha1-qYti+G3K9PZzmWSMCFKRq56P7WE=",
      "dev": true,
      "requires": {
        "buffer-from": "^1.0.0",
        "source-map": "^0.6.0"
      }
    },
    "terser": {
      "version": "5.5.1",
      "resolved": "https://repos.saybot.net/repository/alo7npm/terser/-/terser-5.5.1.tgz",
      "integrity": "sha1-VAyqJROdb0lv3qBW5BQoSIb7Iok=",
      "dev": true,
      "requires": {
        "commander": "^2.20.0",
        "source-map": "~0.7.2",
        "source-map-support": "~0.5.19"
      },
      "dependencies": {
        "commander": {
          "version": "2.20.3",
          "resolved": "https://repos.saybot.net/repository/alo7npm/commander/-/commander-2.20.3.tgz",
          "integrity": "sha1-/UhehMA+tIgcIHIrpIA16FMa6zM=",
          "dev": true
        },
        "source-map": {
          "version": "0.7.3",
          "resolved": "https://repos.saybot.net/repository/alo7npm/source-map/-/source-map-0.7.3.tgz",
          "integrity": "sha1-UwL4FpAxc1ImVECS5kmB91F1A4M=",
          "dev": true
        }
      }
    },
    "traverse-chain": {
      "version": "0.1.0",
      "resolved": "https://repos.saybot.net/repository/alo7npm/traverse-chain/-/traverse-chain-0.1.0.tgz",
      "integrity": "sha1-YdvC1Ttp/2CRoSoWj9fUMxB+QPE=",
      "dev": true
    },
    "typescript": {
      "version": "4.1.2",
      "resolved": "https://repos.saybot.net/repository/alo7npm/typescript/-/typescript-4.1.2.tgz",
      "integrity": "sha1-Y2nvIlFv5eEDBKrlpcSGLbVTgOk=",
      "dev": true
    },
    "universalify": {
      "version": "1.0.0",
      "resolved": "https://repos.saybot.net/repository/alo7npm/universalify/-/universalify-1.0.0.tgz",
      "integrity": "sha1-thodoXPoQ1sv48Z9Kbmt+FlL0W0=",
      "dev": true
    },
    "wrappy": {
      "version": "1.0.2",
      "resolved": "https://repos.saybot.net/repository/alo7npm/wrappy/-/wrappy-1.0.2.tgz",
      "integrity": "sha1-tSQ9jz7BqjXxNkYFvA0QNuMKtp8=",
      "dev": true
    }
  }
}
